// !$*UTF8*$!
{
	archiveVersion = 1;
	classes = {
	};
	objectVersion = 56;
	objects = {

/* Begin PBXBuildFile section */
		490602DB2ADB68AA00D8799F /* swimdata.swift in Sources */ = {isa = PBXBuildFile; fileRef = 490602DA2ADB68AA00D8799F /* swimdata.swift */; };
		497A76DA2ADA2EFA0050D1EB /* Reachability in Frameworks */ = {isa = PBXBuildFile; productRef = 497A76D92ADA2EFA0050D1EB /* Reachability */; };
		49A3717E2AD9842C0009C780 /* ApiConnection.swift in Sources */ = {isa = PBXBuildFile; fileRef = 49A3717D2AD9842C0009C780 /* ApiConnection.swift */; };
		49E2278B2AD9801F003C6DB0 /* HealthKitFrameworkApp.swift in Sources */ = {isa = PBXBuildFile; fileRef = 49E2278A2AD9801F003C6DB0 /* HealthKitFrameworkApp.swift */; };
		49E2278D2AD9801F003C6DB0 /* ContentView.swift in Sources */ = {isa = PBXBuildFile; fileRef = 49E2278C2AD9801F003C6DB0 /* ContentView.swift */; };
		49E2278F2AD9801F003C6DB0 /* Item.swift in Sources */ = {isa = PBXBuildFile; fileRef = 49E2278E2AD9801F003C6DB0 /* Item.swift */; };
		49E227912AD98020003C6DB0 /* Assets.xcassets in Resources */ = {isa = PBXBuildFile; fileRef = 49E227902AD98020003C6DB0 /* Assets.xcassets */; };
		49E227942AD98020003C6DB0 /* Preview Assets.xcassets in Resources */ = {isa = PBXBuildFile; fileRef = 49E227932AD98020003C6DB0 /* Preview Assets.xcassets */; };
		49E2279C2AD98042003C6DB0 /* HKmanager.swift in Sources */ = {isa = PBXBuildFile; fileRef = 49E2279B2AD98042003C6DB0 /* HKmanager.swift */; };
/* End PBXBuildFile section */

/* Begin PBXFileReference section */
		490602DA2ADB68AA00D8799F /* swimdata.swift */ = {isa = PBXFileReference; lastKnownFileType = sourcecode.swift; path = swimdata.swift; sourceTree = "<group>"; };
		49A3717D2AD9842C0009C780 /* ApiConnection.swift */ = {isa = PBXFileReference; lastKnownFileType = sourcecode.swift; path = ApiConnection.swift; sourceTree = "<group>"; };
		49E227872AD9801F003C6DB0 /* HealthKitFramework.app */ = {isa = PBXFileReference; explicitFileType = wrapper.application; includeInIndex = 0; path = HealthKitFramework.app; sourceTree = BUILT_PRODUCTS_DIR; };
		49E2278A2AD9801F003C6DB0 /* HealthKitFrameworkApp.swift */ = {isa = PBXFileReference; lastKnownFileType = sourcecode.swift; path = HealthKitFrameworkApp.swift; sourceTree = "<group>"; };
		49E2278C2AD9801F003C6DB0 /* ContentView.swift */ = {isa = PBXFileReference; lastKnownFileType = sourcecode.swift; path = ContentView.swift; sourceTree = "<group>"; };
		49E2278E2AD9801F003C6DB0 /* Item.swift */ = {isa = PBXFileReference; lastKnownFileType = sourcecode.swift; path = Item.swift; sourceTree = "<group>"; };
		49E227902AD98020003C6DB0 /* Assets.xcassets */ = {isa = PBXFileReference; lastKnownFileType = folder.assetcatalog; path = Assets.xcassets; sourceTree = "<group>"; };
		49E227932AD98020003C6DB0 /* Preview Assets.xcassets */ = {isa = PBXFileReference; lastKnownFileType = folder.assetcatalog; path = "Preview Assets.xcassets"; sourceTree = "<group>"; };
		49E2279A2AD9802F003C6DB0 /* HealthKitFramework.entitlements */ = {isa = PBXFileReference; lastKnownFileType = text.plist.entitlements; path = HealthKitFramework.entitlements; sourceTree = "<group>"; };
		49E2279B2AD98042003C6DB0 /* HKmanager.swift */ = {isa = PBXFileReference; lastKnownFileType = sourcecode.swift; path = HKmanager.swift; sourceTree = "<group>"; };
/* End PBXFileReference section */

/* Begin PBXFrameworksBuildPhase section */
		49E227842AD9801F003C6DB0 /* Frameworks */ = {
			isa = PBXFrameworksBuildPhase;
			buildActionMask = 2147483647;
			files = (
				497A76DA2ADA2EFA0050D1EB /* Reachability in Frameworks */,
			);
			runOnlyForDeploymentPostprocessing = 0;
		};
/* End PBXFrameworksBuildPhase section */

/* Begin PBXGroup section */
		49E2277E2AD9801F003C6DB0 = {
			isa = PBXGroup;
			children = (
				490602DA2ADB68AA00D8799F /* swimdata.swift */,
				49E227892AD9801F003C6DB0 /* HealthKitFramework */,
				49E227882AD9801F003C6DB0 /* Products */,
			);
			sourceTree = "<group>";
		};
		49E227882AD9801F003C6DB0 /* Products */ = {
			isa = PBXGroup;
			children = (
				49E227872AD9801F003C6DB0 /* HealthKitFramework.app */,
			);
			name = Products;
			sourceTree = "<group>";
		};
		49E227892AD9801F003C6DB0 /* HealthKitFramework */ = {
			isa = PBXGroup;
			children = (
				49E2279A2AD9802F003C6DB0 /* HealthKitFramework.entitlements */,
				49E2278A2AD9801F003C6DB0 /* HealthKitFrameworkApp.swift */,
				49E2278C2AD9801F003C6DB0 /* ContentView.swift */,
				49E2278E2AD9801F003C6DB0 /* Item.swift */,
				49E227902AD98020003C6DB0 /* Assets.xcassets */,
				49E227922AD98020003C6DB0 /* Preview Content */,
				49E2279B2AD98042003C6DB0 /* HKmanager.swift */,
				49A3717D2AD9842C0009C780 /* ApiConnection.swift */,
			);
			path = HealthKitFramework;
			sourceTree = "<group>";
		};
		49E227922AD98020003C6DB0 /* Preview Content */ = {
			isa = PBXGroup;
			children = (
				49E227932AD98020003C6DB0 /* Preview Assets.xcassets */,
			);
			path = "Preview Content";
			sourceTree = "<group>";
		};
/* End PBXGroup section */

/* Begin PBXNativeTarget section */
		49E227862AD9801F003C6DB0 /* HealthKitFramework */ = {
			isa = PBXNativeTarget;
			buildConfigurationList = 49E227972AD98020003C6DB0 /* Build configuration list for PBXNativeTarget "HealthKitFramework" */;
			buildPhases = (
				49E227832AD9801F003C6DB0 /* Sources */,
				49E227842AD9801F003C6DB0 /* Frameworks */,
				49E227852AD9801F003C6DB0 /* Resources */,
			);
			buildRules = (
			);
			dependencies = (
			);
			name = HealthKitFramework;
			packageProductDependencies = (
				497A76D92ADA2EFA0050D1EB /* Reachability */,
			);
			productName = HealthKitFramework;
			productReference = 49E227872AD9801F003C6DB0 /* HealthKitFramework.app */;
			productType = "com.apple.product-type.application";
		};
/* End PBXNativeTarget section */

/* Begin PBXProject section */
		49E2277F2AD9801F003C6DB0 /* Project object */ = {
			isa = PBXProject;
			attributes = {
				BuildIndependentTargetsInParallel = 1;
				LastSwiftUpdateCheck = 1500;
				LastUpgradeCheck = 1500;
				TargetAttributes = {
					49E227862AD9801F003C6DB0 = {
						CreatedOnToolsVersion = 15.0;
					};
				};
			};
			buildConfigurationList = 49E227822AD9801F003C6DB0 /* Build configuration list for PBXProject "HealthKitFramework" */;
			compatibilityVersion = "Xcode 14.0";
			developmentRegion = en;
			hasScannedForEncodings = 0;
			knownRegions = (
				en,
				Base,
			);
			mainGroup = 49E2277E2AD9801F003C6DB0;
			packageReferences = (
				497A76D82ADA2EFA0050D1EB /* XCRemoteSwiftPackageReference "Reachability" */,
			);
			productRefGroup = 49E227882AD9801F003C6DB0 /* Products */;
			projectDirPath = "";
			projectRoot = "";
			targets = (
				49E227862AD9801F003C6DB0 /* HealthKitFramework */,
			);
		};
/* End PBXProject section */

/* Begin PBXResourcesBuildPhase section */
		49E227852AD9801F003C6DB0 /* Resources */ = {
			isa = PBXResourcesBuildPhase;
			buildActionMask = 2147483647;
			files = (
				49E227942AD98020003C6DB0 /* Preview Assets.xcassets in Resources */,
				49E227912AD98020003C6DB0 /* Assets.xcassets in Resources */,
			);
			runOnlyForDeploymentPostprocessing = 0;
		};
/* End PBXResourcesBuildPhase section */

/* Begin PBXSourcesBuildPhase section */
		49E227832AD9801F003C6DB0 /* Sources */ = {
			isa = PBXSourcesBuildPhase;
			buildActionMask = 2147483647;
			files = (
				49E2279C2AD98042003C6DB0 /* HKmanager.swift in Sources */,
				49A3717E2AD9842C0009C780 /* ApiConnection.swift in Sources */,
				49E2278D2AD9801F003C6DB0 /* ContentView.swift in Sources */,
				49E2278F2AD9801F003C6DB0 /* Item.swift in Sources */,
				49E2278B2AD9801F003C6DB0 /* HealthKitFrameworkApp.swift in Sources */,
				490602DB2ADB68AA00D8799F /* swimdata.swift in Sources */,
			);
			runOnlyForDeploymentPostprocessing = 0;
		};
/* End PBXSourcesBuildPhase section */

/* Begin XCBuildConfiguration section */
		49E227952AD98020003C6DB0 /* Debug */ = {
			isa = XCBuildConfiguration;
			buildSettings = {
				ALWAYS_SEARCH_USER_PATHS = NO;
				ASSETCATALOG_COMPILER_GENERATE_SWIFT_ASSET_SYMBOL_EXTENSIONS = YES;
				CLANG_ANALYZER_NONNULL = YES;
				CLANG_ANALYZER_NUMBER_OBJECT_CONVERSION = YES_AGGRESSIVE;
				CLANG_CXX_LANGUAGE_STANDARD = "gnu++20";
				CLANG_ENABLE_MODULES = YES;
				CLANG_ENABLE_OBJC_ARC = YES;
				CLANG_ENABLE_OBJC_WEAK = YES;
				CLANG_WARN_BLOCK_CAPTURE_AUTORELEASING = YES;
				CLANG_WARN_BOOL_CONVERSION = YES;
				CLANG_WARN_COMMA = YES;
				CLANG_WARN_CONSTANT_CONVERSION = YES;
				CLANG_WARN_DEPRECATED_OBJC_IMPLEMENTATIONS = YES;
				CLANG_WARN_DIRECT_OBJC_ISA_USAGE = YES_ERROR;
				CLANG_WARN_DOCUMENTATION_COMMENTS = YES;
				CLANG_WARN_EMPTY_BODY = YES;
				CLANG_WARN_ENUM_CONVERSION = YES;
				CLANG_WARN_INFINITE_RECURSION = YES;
				CLANG_WARN_INT_CONVERSION = YES;
				CLANG_WARN_NON_LITERAL_NULL_CONVERSION = YES;
				CLANG_WARN_OBJC_IMPLICIT_RETAIN_SELF = YES;
				CLANG_WARN_OBJC_LITERAL_CONVERSION = YES;
				CLANG_WARN_OBJC_ROOT_CLASS = YES_ERROR;
				CLANG_WARN_QUOTED_INCLUDE_IN_FRAMEWORK_HEADER = YES;
				CLANG_WARN_RANGE_LOOP_ANALYSIS = YES;
				CLANG_WARN_STRICT_PROTOTYPES = YES;
				CLANG_WARN_SUSPICIOUS_MOVE = YES;
				CLANG_WARN_UNGUARDED_AVAILABILITY = YES_AGGRESSIVE;
				CLANG_WARN_UNREACHABLE_CODE = YES;
				CLANG_WARN__DUPLICATE_METHOD_MATCH = YES;
				COPY_PHASE_STRIP = NO;
				DEBUG_INFORMATION_FORMAT = dwarf;
				ENABLE_STRICT_OBJC_MSGSEND = YES;
				ENABLE_TESTABILITY = YES;
				ENABLE_USER_SCRIPT_SANDBOXING = YES;
				GCC_C_LANGUAGE_STANDARD = gnu17;
				GCC_DYNAMIC_NO_PIC = NO;
				GCC_NO_COMMON_BLOCKS = YES;
				GCC_OPTIMIZATION_LEVEL = 0;
				GCC_PREPROCESSOR_DEFINITIONS = (
					"DEBUG=1",
					"$(inherited)",
				);
				GCC_WARN_64_TO_32_BIT_CONVERSION = YES;
				GCC_WARN_ABOUT_RETURN_TYPE = YES_ERROR;
				GCC_WARN_UNDECLARED_SELECTOR = YES;
				GCC_WARN_UNINITIALIZED_AUTOS = YES_AGGRESSIVE;
				GCC_WARN_UNUSED_FUNCTION = YES;
				GCC_WARN_UNUSED_VARIABLE = YES;
				IPHONEOS_DEPLOYMENT_TARGET = 17.0;
				LOCALIZATION_PREFERS_STRING_CATALOGS = YES;
				MTL_ENABLE_DEBUG_INFO = INCLUDE_SOURCE;
				MTL_FAST_MATH = YES;
				ONLY_ACTIVE_ARCH = YES;
				SDKROOT = iphoneos;
				SWIFT_ACTIVE_COMPILATION_CONDITIONS = "DEBUG $(inherited)";
				SWIFT_OPTIMIZATION_LEVEL = "-Onone";
			};
			name = Debug;
		};
		49E227962AD98020003C6DB0 /* Release */ = {
			isa = XCBuildConfiguration;
			buildSettings = {
				ALWAYS_SEARCH_USER_PATHS = NO;
				ASSETCATALOG_COMPILER_GENERATE_SWIFT_ASSET_SYMBOL_EXTENSIONS = YES;
				CLANG_ANALYZER_NONNULL = YES;
				CLANG_ANALYZER_NUMBER_OBJECT_CONVERSION = YES_AGGRESSIVE;
				CLANG_CXX_LANGUAGE_STANDARD = "gnu++20";
				CLANG_ENABLE_MODULES = YES;
				CLANG_ENABLE_OBJC_ARC = YES;
				CLANG_ENABLE_OBJC_WEAK = YES;
				CLANG_WARN_BLOCK_CAPTURE_AUTORELEASING = YES;
				CLANG_WARN_BOOL_CONVERSION = YES;
				CLANG_WARN_COMMA = YES;
				CLANG_WARN_CONSTANT_CONVERSION = YES;
				CLANG_WARN_DEPRECATED_OBJC_IMPLEMENTATIONS = YES;
				CLANG_WARN_DIRECT_OBJC_ISA_USAGE = YES_ERROR;
				CLANG_WARN_DOCUMENTATION_COMMENTS = YES;
				CLANG_WARN_EMPTY_BODY = YES;
				CLANG_WARN_ENUM_CONVERSION = YES;
				CLANG_WARN_INFINITE_RECURSION = YES;
				CLANG_WARN_INT_CONVERSION = YES;
				CLANG_WARN_NON_LITERAL_NULL_CONVERSION = YES;
				CLANG_WARN_OBJC_IMPLICIT_RETAIN_SELF = YES;
				CLANG_WARN_OBJC_LITERAL_CONVERSION = YES;
				CLANG_WARN_OBJC_ROOT_CLASS = YES_ERROR;
				CLANG_WARN_QUOTED_INCLUDE_IN_FRAMEWORK_HEADER = YES;
				CLANG_WARN_RANGE_LOOP_ANALYSIS = YES;
				CLANG_WARN_STRICT_PROTOTYPES = YES;
				CLANG_WARN_SUSPICIOUS_MOVE = YES;
				CLANG_WARN_UNGUARDED_AVAILABILITY = YES_AGGRESSIVE;
				CLANG_WARN_UNREACHABLE_CODE = YES;
				CLANG_WARN__DUPLICATE_METHOD_MATCH = YES;
				COPY_PHASE_STRIP = NO;
				DEBUG_INFORMATION_FORMAT = "dwarf-with-dsym";
				ENABLE_NS_ASSERTIONS = NO;
				ENABLE_STRICT_OBJC_MSGSEND = YES;
				ENABLE_USER_SCRIPT_SANDBOXING = YES;
				GCC_C_LANGUAGE_STANDARD = gnu17;
				GCC_NO_COMMON_BLOCKS = YES;
				GCC_WARN_64_TO_32_BIT_CONVERSION = YES;
				GCC_WARN_ABOUT_RETURN_TYPE = YES_ERROR;
				GCC_WARN_UNDECLARED_SELECTOR = YES;
				GCC_WARN_UNINITIALIZED_AUTOS = YES_AGGRESSIVE;
				GCC_WARN_UNUSED_FUNCTION = YES;
				GCC_WARN_UNUSED_VARIABLE = YES;
				IPHONEOS_DEPLOYMENT_TARGET = 17.0;
				LOCALIZATION_PREFERS_STRING_CATALOGS = YES;
				MTL_ENABLE_DEBUG_INFO = NO;
				MTL_FAST_MATH = YES;
				SDKROOT = iphoneos;
				SWIFT_COMPILATION_MODE = wholemodule;
				VALIDATE_PRODUCT = YES;
			};
			name = Release;
		};
		49E227982AD98020003C6DB0 /* Debug */ = {
			isa = XCBuildConfiguration;
			buildSettings = {
				ASSETCATALOG_COMPILER_APPICON_NAME = AppIcon;
				ASSETCATALOG_COMPILER_GLOBAL_ACCENT_COLOR_NAME = AccentColor;
				CODE_SIGN_ENTITLEMENTS = HealthKitFramework/HealthKitFramework.entitlements;
				CODE_SIGN_STYLE = Automatic;
				CURRENT_PROJECT_VERSION = 1;
				DEVELOPMENT_ASSET_PATHS = "\"HealthKitFramework/Preview Content\"";
				DEVELOPMENT_TEAM = U8EGEYDRW9;
				ENABLE_PREVIEWS = YES;
				GENERATE_INFOPLIST_FILE = YES;
				INFOPLIST_KEY_NSHealthShareUsageDescription = "We need access to your step count data to provide health and fitness information.";
				INFOPLIST_KEY_UIApplicationSceneManifest_Generation = YES;
				INFOPLIST_KEY_UIApplicationSupportsIndirectInputEvents = YES;
				INFOPLIST_KEY_UILaunchScreen_Generation = YES;
				INFOPLIST_KEY_UISupportedInterfaceOrientations_iPad = "UIInterfaceOrientationPortrait UIInterfaceOrientationPortraitUpsideDown UIInterfaceOrientationLandscapeLeft UIInterfaceOrientationLandscapeRight";
				INFOPLIST_KEY_UISupportedInterfaceOrientations_iPhone = "UIInterfaceOrientationPortrait UIInterfaceOrientationLandscapeLeft UIInterfaceOrientationLandscapeRight";
				LD_RUNPATH_SEARCH_PATHS = (
					"$(inherited)",
					"@executable_path/Frameworks",
				);
				MARKETING_VERSION = 1.0;
				PRODUCT_BUNDLE_IDENTIFIER = com.altawoz.HealthKitFramework;
				PRODUCT_NAME = "$(TARGET_NAME)";
				SWIFT_EMIT_LOC_STRINGS = YES;
				SWIFT_VERSION = 5.0;
				TARGETED_DEVICE_FAMILY = "1,2";
			};
			name = Debug;
		};
		49E227992AD98020003C6DB0 /* Release */ = {
			isa = XCBuildConfiguration;
			buildSettings = {
				ASSETCATALOG_COMPILER_APPICON_NAME = AppIcon;
				ASSETCATALOG_COMPILER_GLOBAL_ACCENT_COLOR_NAME = AccentColor;
				CODE_SIGN_ENTITLEMENTS = HealthKitFramework/HealthKitFramework.entitlements;
				CODE_SIGN_STYLE = Automatic;
				CURRENT_PROJECT_VERSION = 1;
				DEVELOPMENT_ASSET_PATHS = "\"HealthKitFramework/Preview Content\"";
				DEVELOPMENT_TEAM = U8EGEYDRW9;
				ENABLE_PREVIEWS = YES;
				GENERATE_INFOPLIST_FILE = YES;
				INFOPLIST_KEY_NSHealthShareUsageDescription = "We need access to your step count data to provide health and fitness information.";
				INFOPLIST_KEY_UIApplicationSceneManifest_Generation = YES;
				INFOPLIST_KEY_UIApplicationSupportsIndirectInputEvents = YES;
				INFOPLIST_KEY_UILaunchScreen_Generation = YES;
				INFOPLIST_KEY_UISupportedInterfaceOrientations_iPad = "UIInterfaceOrientationPortrait UIInterfaceOrientationPortraitUpsideDown UIInterfaceOrientationLandscapeLeft UIInterfaceOrientationLandscapeRight";
				INFOPLIST_KEY_UISupportedInterfaceOrientations_iPhone = "UIInterfaceOrientationPortrait UIInterfaceOrientationLandscapeLeft UIInterfaceOrientationLandscapeRight";
				LD_RUNPATH_SEARCH_PATHS = (
					"$(inherited)",
					"@executable_path/Frameworks",
				);
				MARKETING_VERSION = 1.0;
				PRODUCT_BUNDLE_IDENTIFIER = com.altawoz.HealthKitFramework;
				PRODUCT_NAME = "$(TARGET_NAME)";
				SWIFT_EMIT_LOC_STRINGS = YES;
				SWIFT_VERSION = 5.0;
				TARGETED_DEVICE_FAMILY = "1,2";
			};
			name = Release;
		};
/* End XCBuildConfiguration section */

/* Begin XCConfigurationList section */
		49E227822AD9801F003C6DB0 /* Build configuration list for PBXProject "HealthKitFramework" */ = {
			isa = XCConfigurationList;
			buildConfigurations = (
				49E227952AD98020003C6DB0 /* Debug */,
				49E227962AD98020003C6DB0 /* Release */,
			);
			defaultConfigurationIsVisible = 0;
			defaultConfigurationName = Release;
		};
		49E227972AD98020003C6DB0 /* Build configuration list for PBXNativeTarget "HealthKitFramework" */ = {
			isa = XCConfigurationList;
			buildConfigurations = (
				49E227982AD98020003C6DB0 /* Debug */,
				49E227992AD98020003C6DB0 /* Release */,
			);
			defaultConfigurationIsVisible = 0;
			defaultConfigurationName = Release;
		};
/* End XCConfigurationList section */

/* Begin XCRemoteSwiftPackageReference section */
		497A76D82ADA2EFA0050D1EB /* XCRemoteSwiftPackageReference "Reachability" */ = {
			isa = XCRemoteSwiftPackageReference;
			repositoryURL = "https://github.com/ashleymills/Reachability.swift";
			requirement = {
				branch = master;
				kind = branch;
			};
		};
/* End XCRemoteSwiftPackageReference section */

/* Begin XCSwiftPackageProductDependency section */
		497A76D92ADA2EFA0050D1EB /* Reachability */ = {
			isa = XCSwiftPackageProductDependency;
			package = 497A76D82ADA2EFA0050D1EB /* XCRemoteSwiftPackageReference "Reachability" */;
			productName = Reachability;
		};
/* End XCSwiftPackageProductDependency section */
	};
	rootObject = 49E2277F2AD9801F003C6DB0 /* Project object */;
}
